
Microsoft Visual Studio Solution File, Format Version 12.00
# Visual Studio Version 17
VisualStudioVersion = 17.10.35013.160
MinimumVisualStudioVersion = 10.0.40219.1
Project("{FAE04EC0-301F-11D3-BF4B-00C04F79EFBC}") = "ExerciceMCD", "ExerciceMCD\ExerciceMCD.csproj", "{614B3557-81A9-48E9-B2F0-3D447E6E47BE}"
EndProject
Global
	GlobalSection(SolutionConfigurationPlatforms) = preSolution
		Debug|Any CPU = Debug|Any CPU
		Release|Any CPU = Release|Any CPU
	EndGlobalSection
	GlobalSection(ProjectConfigurationPlatforms) = postSolution
		{614B3557-81A9-48E9-B2F0-3D447E6E47BE}.Debug|Any CPU.ActiveCfg = Debug|Any CPU
		{614B3557-81A9-48E9-B2F0-3D447E6E47BE}.Debug|Any CPU.Build.0 = Debug|Any CPU
		{614B3557-81A9-48E9-B2F0-3D447E6E47BE}.Release|Any CPU.ActiveCfg = Release|Any CPU
		{614B3557-81A9-48E9-B2F0-3D447E6E47BE}.Release|Any CPU.Build.0 = Release|Any CPU
	EndGlobalSection
	GlobalSection(SolutionProperties) = preSolution
		HideSolutionNode = FALSE
	EndGlobalSection
	GlobalSection(ExtensibilityGlobals) = postSolution
		SolutionGuid = {9A10D108-9C9E-4C33-9C0B-75652F440F0A}
	EndGlobalSection
EndGlobal
